// !$*UTF8*$!
{
	archiveVersion = 1;
	classes = {
	};
	objectVersion = 46;
	objects = {

/* Begin PBXBuildFile section */
		C49A0BF354C6DAC144D873AA /* Pods_BookShop.framework in Frameworks */ = {isa = PBXBuildFile; fileRef = D06BF250A85C07F6CF9CAF11 /* Pods_BookShop.framework */; };
		FF04A8281D29FD6600CD539C /* apiConfig.swift in Sources */ = {isa = PBXBuildFile; fileRef = FF04A8271D29FD6600CD539C /* apiConfig.swift */; };
		FF3EA8BA1D2679B600AFB8B4 /* AppDelegate.swift in Sources */ = {isa = PBXBuildFile; fileRef = FF3EA8B91D2679B600AFB8B4 /* AppDelegate.swift */; };
		FF3EA8BC1D2679B600AFB8B4 /* ViewController.swift in Sources */ = {isa = PBXBuildFile; fileRef = FF3EA8BB1D2679B600AFB8B4 /* ViewController.swift */; };
		FF3EA8BF1D2679B600AFB8B4 /* Main.storyboard in Resources */ = {isa = PBXBuildFile; fileRef = FF3EA8BD1D2679B600AFB8B4 /* Main.storyboard */; };
		FF3EA8C11D2679B600AFB8B4 /* Assets.xcassets in Resources */ = {isa = PBXBuildFile; fileRef = FF3EA8C01D2679B600AFB8B4 /* Assets.xcassets */; };
		FF3EA8C41D2679B600AFB8B4 /* LaunchScreen.storyboard in Resources */ = {isa = PBXBuildFile; fileRef = FF3EA8C21D2679B600AFB8B4 /* LaunchScreen.storyboard */; };
/* End PBXBuildFile section */

/* Begin PBXFileReference section */
		181A44AC4E0679001921F8D9 /* Pods-BookShop.release.xcconfig */ = {isa = PBXFileReference; includeInIndex = 1; lastKnownFileType = text.xcconfig; name = "Pods-BookShop.release.xcconfig"; path = "Pods/Target Support Files/Pods-BookShop/Pods-BookShop.release.xcconfig"; sourceTree = "<group>"; };
		74BEAC5A1B43AC538A79BA3C /* Pods-BookShop.debug.xcconfig */ = {isa = PBXFileReference; includeInIndex = 1; lastKnownFileType = text.xcconfig; name = "Pods-BookShop.debug.xcconfig"; path = "Pods/Target Support Files/Pods-BookShop/Pods-BookShop.debug.xcconfig"; sourceTree = "<group>"; };
		D06BF250A85C07F6CF9CAF11 /* Pods_BookShop.framework */ = {isa = PBXFileReference; explicitFileType = wrapper.framework; includeInIndex = 0; path = Pods_BookShop.framework; sourceTree = BUILT_PRODUCTS_DIR; };
		FF04A8271D29FD6600CD539C /* apiConfig.swift */ = {isa = PBXFileReference; fileEncoding = 4; lastKnownFileType = sourcecode.swift; name = apiConfig.swift; path = apiConfig/apiConfig.swift; sourceTree = "<group>"; };
		FF3EA8B61D2679B600AFB8B4 /* BookShop.app */ = {isa = PBXFileReference; explicitFileType = wrapper.application; includeInIndex = 0; path = BookShop.app; sourceTree = BUILT_PRODUCTS_DIR; };
		FF3EA8B91D2679B600AFB8B4 /* AppDelegate.swift */ = {isa = PBXFileReference; lastKnownFileType = sourcecode.swift; path = AppDelegate.swift; sourceTree = "<group>"; };
		FF3EA8BB1D2679B600AFB8B4 /* ViewController.swift */ = {isa = PBXFileReference; lastKnownFileType = sourcecode.swift; path = ViewController.swift; sourceTree = "<group>"; };
		FF3EA8BE1D2679B600AFB8B4 /* Base */ = {isa = PBXFileReference; lastKnownFileType = file.storyboard; name = Base; path = Base.lproj/Main.storyboard; sourceTree = "<group>"; };
		FF3EA8C01D2679B600AFB8B4 /* Assets.xcassets */ = {isa = PBXFileReference; lastKnownFileType = folder.assetcatalog; path = Assets.xcassets; sourceTree = "<group>"; };
		FF3EA8C31D2679B600AFB8B4 /* Base */ = {isa = PBXFileReference; lastKnownFileType = file.storyboard; name = Base; path = Base.lproj/LaunchScreen.storyboard; sourceTree = "<group>"; };
		FF3EA8C51D2679B600AFB8B4 /* Info.plist */ = {isa = PBXFileReference; lastKnownFileType = text.plist.xml; path = Info.plist; sourceTree = "<group>"; };
/* End PBXFileReference section */

/* Begin PBXFrameworksBuildPhase section */
		FF3EA8B31D2679B600AFB8B4 /* Frameworks */ = {
			isa = PBXFrameworksBuildPhase;
			buildActionMask = 2147483647;
			files = (
				C49A0BF354C6DAC144D873AA /* Pods_BookShop.framework in Frameworks */,
			);
			runOnlyForDeploymentPostprocessing = 0;
		};
/* End PBXFrameworksBuildPhase section */

/* Begin PBXGroup section */
		F4D5B64042DC9CB302D6F58E /* Frameworks */ = {
			isa = PBXGroup;
			children = (
				D06BF250A85C07F6CF9CAF11 /* Pods_BookShop.framework */,
			);
			name = Frameworks;
			sourceTree = "<group>";
		};
		FF04A8241D29FB7500CD539C /* file */ = {
			isa = PBXGroup;
			children = (
				FF3EA8C51D2679B600AFB8B4 /* Info.plist */,
				FF3EA8C21D2679B600AFB8B4 /* LaunchScreen.storyboard */,
				FF3EA8C01D2679B600AFB8B4 /* Assets.xcassets */,
				FF3EA8BD1D2679B600AFB8B4 /* Main.storyboard */,
			);
			name = file;
			sourceTree = "<group>";
		};
		FF04A8251D29FC2200CD539C /* class */ = {
			isa = PBXGroup;
			children = (
				FF3EA8B91D2679B600AFB8B4 /* AppDelegate.swift */,
				FF3EA8BB1D2679B600AFB8B4 /* ViewController.swift */,
			);
			name = class;
			sourceTree = "<group>";
		};
		FF04A8261D29FD3600CD539C /* APIConfig */ = {
			isa = PBXGroup;
			children = (
				FF04A8271D29FD6600CD539C /* apiConfig.swift */,
			);
			name = APIConfig;
			sourceTree = "<group>";
		};
		FF3EA8AD1D2679B600AFB8B4 = {
			isa = PBXGroup;
			children = (
				FF3EA8B81D2679B600AFB8B4 /* BookShop */,
				FF3EA8B71D2679B600AFB8B4 /* Products */,
				FFEBD252C5C2B8F666BE2EAD /* Pods */,
				F4D5B64042DC9CB302D6F58E /* Frameworks */,
			);
			sourceTree = "<group>";
		};
		FF3EA8B71D2679B600AFB8B4 /* Products */ = {
			isa = PBXGroup;
			children = (
				FF3EA8B61D2679B600AFB8B4 /* BookShop.app */,
			);
			name = Products;
			sourceTree = "<group>";
		};
		FF3EA8B81D2679B600AFB8B4 /* BookShop */ = {
			isa = PBXGroup;
			children = (
				FF04A8261D29FD3600CD539C /* APIConfig */,
				FF04A8251D29FC2200CD539C /* class */,
				FF04A8241D29FB7500CD539C /* file */,
			);
			path = BookShop;
			sourceTree = "<group>";
		};
		FFEBD252C5C2B8F666BE2EAD /* Pods */ = {
			isa = PBXGroup;
			children = (
				74BEAC5A1B43AC538A79BA3C /* Pods-BookShop.debug.xcconfig */,
				181A44AC4E0679001921F8D9 /* Pods-BookShop.release.xcconfig */,
			);
			name = Pods;
			sourceTree = "<group>";
		};
/* End PBXGroup section */

/* Begin PBXNativeTarget section */
		FF3EA8B51D2679B600AFB8B4 /* BookShop */ = {
			isa = PBXNativeTarget;
			buildConfigurationList = FF3EA8C81D2679B600AFB8B4 /* Build configuration list for PBXNativeTarget "BookShop" */;
			buildPhases = (
				6D831997428BB2C58C7CC248 /* [CP] Check Pods Manifest.lock */,
				FF3EA8B21D2679B600AFB8B4 /* Sources */,
				FF3EA8B31D2679B600AFB8B4 /* Frameworks */,
				FF3EA8B41D2679B600AFB8B4 /* Resources */,
				112A38E3507F232E0070795C /* [CP] Embed Pods Frameworks */,
				F70CE8C42BD100E6163CE9B7 /* [CP] Copy Pods Resources */,
			);
			buildRules = (
			);
			dependencies = (
			);
			name = BookShop;
			productName = BookShop;
			productReference = FF3EA8B61D2679B600AFB8B4 /* BookShop.app */;
			productType = "com.apple.product-type.application";
		};
/* End PBXNativeTarget section */

/* Begin PBXProject section */
		FF3EA8AE1D2679B600AFB8B4 /* Project object */ = {
			isa = PBXProject;
			attributes = {
				LastSwiftUpdateCheck = 0730;
				LastUpgradeCheck = 0730;
				ORGANIZATIONNAME = summer;
				TargetAttributes = {
					FF3EA8B51D2679B600AFB8B4 = {
						CreatedOnToolsVersion = 7.3.1;
						DevelopmentTeam = B6U4ZP9HHK;
					};
				};
			};
			buildConfigurationList = FF3EA8B11D2679B600AFB8B4 /* Build configuration list for PBXProject "BookShop" */;
			compatibilityVersion = "Xcode 3.2";
			developmentRegion = English;
			hasScannedForEncodings = 0;
			knownRegions = (
				en,
				Base,
			);
			mainGroup = FF3EA8AD1D2679B600AFB8B4;
			productRefGroup = FF3EA8B71D2679B600AFB8B4 /* Products */;
			projectDirPath = "";
			projectRoot = "";
			targets = (
				FF3EA8B51D2679B600AFB8B4 /* BookShop */,
			);
		};
/* End PBXProject section */

/* Begin PBXResourcesBuildPhase section */
		FF3EA8B41D2679B600AFB8B4 /* Resources */ = {
			isa = PBXResourcesBuildPhase;
			buildActionMask = 2147483647;
			files = (
				FF3EA8C41D2679B600AFB8B4 /* LaunchScreen.storyboard in Resources */,
				FF3EA8C11D2679B600AFB8B4 /* Assets.xcassets in Resources */,
				FF3EA8BF1D2679B600AFB8B4 /* Main.storyboard in Resources */,
			);
			runOnlyForDeploymentPostprocessing = 0;
		};
/* End PBXResourcesBuildPhase section */

/* Begin PBXShellScriptBuildPhase section */
		112A38E3507F232E0070795C /* [CP] Embed Pods Frameworks */ = {
			isa = PBXShellScriptBuildPhase;
			buildActionMask = 2147483647;
			files = (
			);
			inputPaths = (
			);
			name = "[CP] Embed Pods Frameworks";
			outputPaths = (
			);
			runOnlyForDeploymentPostprocessing = 0;
			shellPath = /bin/sh;
			shellScript = "\"${SRCROOT}/Pods/Target Support Files/Pods-BookShop/Pods-BookShop-frameworks.sh\"\n";
			showEnvVarsInLog = 0;
		};
		6D831997428BB2C58C7CC248 /* [CP] Check Pods Manifest.lock */ = {
			isa = PBXShellScriptBuildPhase;
			buildActionMask = 2147483647;
			files = (
			);
			inputPaths = (
			);
			name = "[CP] Check Pods Manifest.lock";
			outputPaths = (
			);
			runOnlyForDeploymentPostprocessing = 0;
			shellPath = /bin/sh;
			shellScript = "diff \"${PODS_ROOT}/../Podfile.lock\" \"${PODS_ROOT}/Manifest.lock\" > /dev/null\nif [[ $? != 0 ]] ; then\n    cat << EOM\nerror: The sandbox is not in sync with the Podfile.lock. Run 'pod install' or update your CocoaPods installation.\nEOM\n    exit 1\nfi\n";
			showEnvVarsInLog = 0;
		};
		F70CE8C42BD100E6163CE9B7 /* [CP] Copy Pods Resources */ = {
			isa = PBXShellScriptBuildPhase;
			buildActionMask = 2147483647;
			files = (
			);
			inputPaths = (
			);
			name = "[CP] Copy Pods Resources";
			outputPaths = (
			);
			runOnlyForDeploymentPostprocessing = 0;
			shellPath = /bin/sh;
			shellScript = "\"${SRCROOT}/Pods/Target Support Files/Pods-BookShop/Pods-BookShop-resources.sh\"\n";
			showEnvVarsInLog = 0;
		};
/* End PBXShellScriptBuildPhase section */

/* Begin PBXSourcesBuildPhase section */
		FF3EA8B21D2679B600AFB8B4 /* Sources */ = {
			isa = PBXSourcesBuildPhase;
			buildActionMask = 2147483647;
			files = (
				FF04A8281D29FD6600CD539C /* apiConfig.swift in Sources */,
				FF3EA8BC1D2679B600AFB8B4 /* ViewController.swift in Sources */,
				FF3EA8BA1D2679B600AFB8B4 /* AppDelegate.swift in Sources */,
			);
			runOnlyForDeploymentPostprocessing = 0;
		};
/* End PBXSourcesBuildPhase section */

/* Begin PBXVariantGroup section */
		FF3EA8BD1D2679B600AFB8B4 /* Main.storyboard */ = {
			isa = PBXVariantGroup;
			children = (
				FF3EA8BE1D2679B600AFB8B4 /* Base */,
			);
			name = Main.storyboard;
			sourceTree = "<group>";
		};
		FF3EA8C21D2679B600AFB8B4 /* LaunchScreen.storyboard */ = {
			isa = PBXVariantGroup;
			children = (
				FF3EA8C31D2679B600AFB8B4 /* Base */,
			);
			name = LaunchScreen.storyboard;
			sourceTree = "<group>";
		};
/* End PBXVariantGroup section */

/* Begin XCBuildConfiguration section */
		FF3EA8C61D2679B600AFB8B4 /* Debug */ = {
			isa = XCBuildConfiguration;
			buildSettings = {
				ALWAYS_SEARCH_USER_PATHS = NO;
				CLANG_ANALYZER_NONNULL = YES;
				CLANG_CXX_LANGUAGE_STANDARD = "gnu++0x";
				CLANG_CXX_LIBRARY = "libc++";
				CLANG_ENABLE_MODULES = YES;
				CLANG_ENABLE_OBJC_ARC = YES;
				CLANG_WARN_BOOL_CONVERSION = YES;
				CLANG_WARN_CONSTANT_CONVERSION = YES;
				CLANG_WARN_DIRECT_OBJC_ISA_USAGE = YES_ERROR;
				CLANG_WARN_EMPTY_BODY = YES;
				CLANG_WARN_ENUM_CONVERSION = YES;
				CLANG_WARN_INT_CONVERSION = YES;
				CLANG_WARN_OBJC_ROOT_CLASS = YES_ERROR;
				CLANG_WARN_UNREACHABLE_CODE = YES;
				CLANG_WARN__DUPLICATE_METHOD_MATCH = YES;
				"CODE_SIGN_IDENTITY[sdk=iphoneos*]" = "iPhone Developer";
				COPY_PHASE_STRIP = NO;
				DEBUG_INFORMATION_FORMAT = dwarf;
				ENABLE_STRICT_OBJC_MSGSEND = YES;
				ENABLE_TESTABILITY = YES;
				GCC_C_LANGUAGE_STANDARD = gnu99;
				GCC_DYNAMIC_NO_PIC = NO;
				GCC_NO_COMMON_BLOCKS = YES;
				GCC_OPTIMIZATION_LEVEL = 0;
				GCC_PREPROCESSOR_DEFINITIONS = (
					"DEBUG=1",
					"$(inherited)",
				);
				GCC_WARN_64_TO_32_BIT_CONVERSION = YES;
				GCC_WARN_ABOUT_RETURN_TYPE = YES_ERROR;
				GCC_WARN_UNDECLARED_SELECTOR = YES;
				GCC_WARN_UNINITIALIZED_AUTOS = YES_AGGRESSIVE;
				GCC_WARN_UNUSED_FUNCTION = YES;
				GCC_WARN_UNUSED_VARIABLE = YES;
				IPHONEOS_DEPLOYMENT_TARGET = 9.3;
				MTL_ENABLE_DEBUG_INFO = YES;
				ONLY_ACTIVE_ARCH = YES;
				SDKROOT = iphoneos;
				SWIFT_OPTIMIZATION_LEVEL = "-Onone";
			};
			name = Debug;
		};
		FF3EA8C71D2679B600AFB8B4 /* Release */ = {
			isa = XCBuildConfiguration;
			buildSettings = {
				ALWAYS_SEARCH_USER_PATHS = NO;
				CLANG_ANALYZER_NONNULL = YES;
				CLANG_CXX_LANGUAGE_STANDARD = "gnu++0x";
				CLANG_CXX_LIBRARY = "libc++";
				CLANG_ENABLE_MODULES = YES;
				CLANG_ENABLE_OBJC_ARC = YES;
				CLANG_WARN_BOOL_CONVERSION = YES;
				CLANG_WARN_CONSTANT_CONVERSION = YES;
				CLANG_WARN_DIRECT_OBJC_ISA_USAGE = YES_ERROR;
				CLANG_WARN_EMPTY_BODY = YES;
				CLANG_WARN_ENUM_CONVERSION = YES;
				CLANG_WARN_INT_CONVERSION = YES;
				CLANG_WARN_OBJC_ROOT_CLASS = YES_ERROR;
				CLANG_WARN_UNREACHABLE_CODE = YES;
				CLANG_WARN__DUPLICATE_METHOD_MATCH = YES;
				"CODE_SIGN_IDENTITY[sdk=iphoneos*]" = "iPhone Developer";
				COPY_PHASE_STRIP = NO;
				DEBUG_INFORMATION_FORMAT = "dwarf-with-dsym";
				ENABLE_NS_ASSERTIONS = NO;
				ENABLE_STRICT_OBJC_MSGSEND = YES;
				GCC_C_LANGUAGE_STANDARD = gnu99;
				GCC_NO_COMMON_BLOCKS = YES;
				GCC_WARN_64_TO_32_BIT_CONVERSION = YES;
				GCC_WARN_ABOUT_RETURN_TYPE = YES_ERROR;
				GCC_WARN_UNDECLARED_SELECTOR = YES;
				GCC_WARN_UNINITIALIZED_AUTOS = YES_AGGRESSIVE;
				GCC_WARN_UNUSED_FUNCTION = YES;
				GCC_WARN_UNUSED_VARIABLE = YES;
				IPHONEOS_DEPLOYMENT_TARGET = 9.3;
				MTL_ENABLE_DEBUG_INFO = NO;
				SDKROOT = iphoneos;
				VALIDATE_PRODUCT = YES;
			};
			name = Release;
		};
		FF3EA8C91D2679B600AFB8B4 /* Debug */ = {
			isa = XCBuildConfiguration;
			baseConfigurationReference = 74BEAC5A1B43AC538A79BA3C /* Pods-BookShop.debug.xcconfig */;
			buildSettings = {
				ASSETCATALOG_COMPILER_APPICON_NAME = AppIcon;
				INFOPLIST_FILE = BookShop/Info.plist;
				IPHONEOS_DEPLOYMENT_TARGET = 8.0;
				LD_RUNPATH_SEARCH_PATHS = "$(inherited) @executable_path/Frameworks";
				PRODUCT_BUNDLE_IDENTIFIER = com.summer.BookShop;
				PRODUCT_NAME = "$(TARGET_NAME)";
			};
			name = Debug;
		};
		FF3EA8CA1D2679B600AFB8B4 /* Release */ = {
			isa = XCBuildConfiguration;
			baseConfigurationReference = 181A44AC4E0679001921F8D9 /* Pods-BookShop.release.xcconfig */;
			buildSettings = {
				ASSETCATALOG_COMPILER_APPICON_NAME = AppIcon;
				INFOPLIST_FILE = BookShop/Info.plist;
				IPHONEOS_DEPLOYMENT_TARGET = 8.0;
				LD_RUNPATH_SEARCH_PATHS = "$(inherited) @executable_path/Frameworks";
				PRODUCT_BUNDLE_IDENTIFIER = com.summer.BookShop;
				PRODUCT_NAME = "$(TARGET_NAME)";
			};
			name = Release;
		};
/* End XCBuildConfiguration section */

/* Begin XCConfigurationList section */
		FF3EA8B11D2679B600AFB8B4 /* Build configuration list for PBXProject "BookShop" */ = {
			isa = XCConfigurationList;
			buildConfigurations = (
				FF3EA8C61D2679B600AFB8B4 /* Debug */,
				FF3EA8C71D2679B600AFB8B4 /* Release */,
			);
			defaultConfigurationIsVisible = 0;
			defaultConfigurationName = Release;
		};
		FF3EA8C81D2679B600AFB8B4 /* Build configuration list for PBXNativeTarget "BookShop" */ = {
			isa = XCConfigurationList;
			buildConfigurations = (
				FF3EA8C91D2679B600AFB8B4 /* Debug */,
				FF3EA8CA1D2679B600AFB8B4 /* Release */,
			);
			defaultConfigurationIsVisible = 0;
			defaultConfigurationName = Release;
		};
/* End XCConfigurationList section */
	};
	rootObject = FF3EA8AE1D2679B600AFB8B4 /* Project object */;
}
